
Microsoft Visual Studio Solution File, Format Version 12.00
# Visual Studio Version 17
VisualStudioVersion = 17.1.32203.90
MinimumVisualStudioVersion = 10.0.40219.1
Project("{2150E333-8FDC-42A3-9474-1A3956D46DE8}") = "src", "src", "{8C62055F-8CD7-4859-9001-634D544DF2AE}"
EndProject
Project("{2150E333-8FDC-42A3-9474-1A3956D46DE8}") = "tests", "tests", "{CECC4AE8-9C4E-4727-939B-517CC2E58D65}"
EndProject
Project("{9A19103F-16F7-4668-BE54-9A1E7A4F7556}") = "Grpc.AspNetCore.Server", "src\Grpc.AspNetCore.Server\Grpc.AspNetCore.Server.csproj", "{89ED416F-92F1-4425-9379-D4E76A285860}"
EndProject
Project("{9A19103F-16F7-4668-BE54-9A1E7A4F7556}") = "Grpc.AspNetCore.Server.Tests", "test\Grpc.AspNetCore.Server.Tests\Grpc.AspNetCore.Server.Tests.csproj", "{278B1311-41BF-4345-947E-7B70E277FC3C}"
EndProject
Project("{9A19103F-16F7-4668-BE54-9A1E7A4F7556}") = "Grpc.AspNetCore.FunctionalTests", "test\FunctionalTests\Grpc.AspNetCore.FunctionalTests.csproj", "{B190F61D-854C-4EE1-9532-B81AB3215F90}"
EndProject
Project("{2150E333-8FDC-42A3-9474-1A3956D46DE8}") = "perf", "perf", "{4163E1B3-4D75-46B4-9107-9A158FD708FC}"
EndProject
Project("{2150E333-8FDC-42A3-9474-1A3956D46DE8}") = "testassets", "testassets", "{59C7B1F0-EE4D-4098-8596-0ADDBC305234}"
EndProject
Project("{2150E333-8FDC-42A3-9474-1A3956D46DE8}") = "Proto", "Proto", "{BF1393D4-6099-4EF9-85BB-7EE6CBEB920C}"
	ProjectSection(SolutionItems) = preProject
		testassets\Proto\any.proto = testassets\Proto\any.proto
		testassets\Proto\authorize.proto = testassets\Proto\authorize.proto
		testassets\Proto\chat.proto = testassets\Proto\chat.proto
		testassets\Proto\compression.proto = testassets\Proto\compression.proto
		testassets\Proto\count.proto = testassets\Proto\count.proto
		testassets\Proto\greet.proto = testassets\Proto\greet.proto
		testassets\Proto\lifetime.proto = testassets\Proto\lifetime.proto
		testassets\Proto\nested.proto = testassets\Proto\nested.proto
		examples\Proto\race.proto = examples\Proto\race.proto
		testassets\Proto\singleton.proto = testassets\Proto\singleton.proto
		testassets\Proto\streaming.proto = testassets\Proto\streaming.proto
		testassets\Proto\unimplemented.proto = testassets\Proto\unimplemented.proto
	EndProjectSection
EndProject
Project("{9A19103F-16F7-4668-BE54-9A1E7A4F7556}") = "FunctionalTestsWebsite", "testassets\FunctionalTestsWebsite\FunctionalTestsWebsite.csproj", "{7B95289B-4992-4C0D-B26F-8EC58F81FC96}"
EndProject
Project("{2150E333-8FDC-42A3-9474-1A3956D46DE8}") = "benchmarkapps", "benchmarkapps", "{1B8B6117-CE39-4580-BAFA-D8026102767A}"
EndProject
Project("{2150E333-8FDC-42A3-9474-1A3956D46DE8}") = "Shared", "Shared", "{310E5783-455A-4D09-A7AE-39DC2AB09504}"
	ProjectSection(SolutionItems) = preProject
		perf\benchmarkapps\Shared\BenchmarkConfigurationHelpers.cs = perf\benchmarkapps\Shared\BenchmarkConfigurationHelpers.cs
		perf\benchmarkapps\Shared\BenchmarkServiceImpl.cs = perf\benchmarkapps\Shared\BenchmarkServiceImpl.cs
		perf\benchmarkapps\Shared\benchmark_service.proto = perf\benchmarkapps\Shared\benchmark_service.proto
		perf\benchmarkapps\Shared\messages.proto = perf\benchmarkapps\Shared\messages.proto
	EndProjectSection
EndProject
Project("{9A19103F-16F7-4668-BE54-9A1E7A4F7556}") = "Grpc.AspNetCore.Microbenchmarks", "perf\Grpc.AspNetCore.Microbenchmarks\Grpc.AspNetCore.Microbenchmarks.csproj", "{98500D54-FC3F-4A42-B74D-51930C19B175}"
EndProject
Project("{9A19103F-16F7-4668-BE54-9A1E7A4F7556}") = "InteropTestsWebsite", "testassets\InteropTestsWebsite\InteropTestsWebsite.csproj", "{A551D7B1-D75A-43F0-A8E3-BAEA5EDF616A}"
EndProject
Project("{9A19103F-16F7-4668-BE54-9A1E7A4F7556}") = "BenchmarkWorkerWebsite", "testassets\BenchmarkWorkerWebsite\BenchmarkWorkerWebsite.csproj", "{C3D6C3BD-4E56-4B0F-88FD-4F2D68F0CD25}"
EndProject
Project("{2150E333-8FDC-42A3-9474-1A3956D46DE8}") = "Certs", "Certs", "{39320CA8-D8F0-45B6-B704-A04C16870226}"
	ProjectSection(SolutionItems) = preProject
		perf\benchmarkapps\Shared\Certs\testCert.pfx = perf\benchmarkapps\Shared\Certs\testCert.pfx
	EndProjectSection
EndProject
Project("{9A19103F-16F7-4668-BE54-9A1E7A4F7556}") = "Grpc.AspNetCore.Server.Reflection", "src\Grpc.AspNetCore.Server.Reflection\Grpc.AspNetCore.Server.Reflection.csproj", "{55813F20-1269-4B19-B03E-7E4A90148F92}"
EndProject
Project("{9A19103F-16F7-4668-BE54-9A1E7A4F7556}") = "InteropTestsClient", "testassets\InteropTestsClient\InteropTestsClient.csproj", "{291E5BA5-608D-406D-A2DB-389412D907F3}"
EndProject
Project("{2150E333-8FDC-42A3-9474-1A3956D46DE8}") = "Certs", "Certs", "{743F8EC2-004E-4640-B04F-5BAFDA8BF112}"
EndProject
Project("{2150E333-8FDC-42A3-9474-1A3956D46DE8}") = "InteropTests", "InteropTests", "{50CF39FF-2644-4B5F-BE1A-B57487B9723B}"
	ProjectSection(SolutionItems) = preProject
		testassets\Certs\InteropTests\ca.pem = testassets\Certs\InteropTests\ca.pem
		testassets\Certs\InteropTests\README.md = testassets\Certs\InteropTests\README.md
		testassets\Certs\InteropTests\server1.key = testassets\Certs\InteropTests\server1.key
		testassets\Certs\InteropTests\server1.pem = testassets\Certs\InteropTests\server1.pem
		testassets\Certs\InteropTests\server1.pfx = testassets\Certs\InteropTests\server1.pfx
	EndProjectSection
EndProject
Project("{2150E333-8FDC-42A3-9474-1A3956D46DE8}") = "grpc", "grpc", "{6DC078D2-8FB1-4685-B9BE-61F1C0ED8053}"
EndProject
Project("{2150E333-8FDC-42A3-9474-1A3956D46DE8}") = "testing", "testing", "{88AC787E-603C-48C3-AEBA-D90F3E2142CA}"
	ProjectSection(SolutionItems) = preProject
		testassets\Proto\grpc\testing\empty.proto = testassets\Proto\grpc\testing\empty.proto
		testassets\Proto\grpc\testing\messages.proto = testassets\Proto\grpc\testing\messages.proto
		testassets\Proto\grpc\testing\test.proto = testassets\Proto\grpc\testing\test.proto
	EndProjectSection
EndProject
Project("{9A19103F-16F7-4668-BE54-9A1E7A4F7556}") = "InteropTestsNativeServer", "testassets\InteropTestsNativeServer\InteropTestsNativeServer.csproj", "{D15CAEF6-0A5D-416E-B6F7-DE75C4B1D89B}"
EndProject
Project("{9A19103F-16F7-4668-BE54-9A1E7A4F7556}") = "dotnet-grpc", "src\dotnet-grpc\dotnet-grpc.csproj", "{EBD5D978-1519-45ED-AC20-EC43C7FA552C}"
EndProject
Project("{9A19103F-16F7-4668-BE54-9A1E7A4F7556}") = "dotnet-grpc.Tests", "test\dotnet-grpc.Tests\dotnet-grpc.Tests.csproj", "{265CD0AA-A1BD-40B8-A1E6-B3CB5F7591B8}"
EndProject
Project("{9A19103F-16F7-4668-BE54-9A1E7A4F7556}") = "Grpc.AspNetCore.Server.ClientFactory", "src\Grpc.AspNetCore.Server.ClientFactory\Grpc.AspNetCore.Server.ClientFactory.csproj", "{BF9F5674-2BC3-446E-BBEA-3055A4A2B889}"
EndProject
Project("{9A19103F-16F7-4668-BE54-9A1E7A4F7556}") = "Grpc.AspNetCore.Server.ClientFactory.Tests", "test\Grpc.AspNetCore.Server.ClientFactory.Tests\Grpc.AspNetCore.Server.ClientFactory.Tests.csproj", "{4306E048-9D81-44A8-8069-2C294289FC00}"
EndProject
Project("{9A19103F-16F7-4668-BE54-9A1E7A4F7556}") = "Grpc.Net.Client", "src\Grpc.Net.Client\Grpc.Net.Client.csproj", "{095F2B46-16DC-4A2E-A075-A0373D902294}"
EndProject
Project("{9A19103F-16F7-4668-BE54-9A1E7A4F7556}") = "Grpc.Net.Client.Tests", "test\Grpc.Net.Client.Tests\Grpc.Net.Client.Tests.csproj", "{7C299E2C-A5FE-439D-A346-2A676302BD04}"
EndProject
Project("{9A19103F-16F7-4668-BE54-9A1E7A4F7556}") = "Grpc.Net.ClientFactory", "src\Grpc.Net.ClientFactory\Grpc.Net.ClientFactory.csproj", "{F68DBD76-196A-4F55-BBEB-97278655017F}"
EndProject
Project("{9A19103F-16F7-4668-BE54-9A1E7A4F7556}") = "Grpc.Net.ClientFactory.Tests", "test\Grpc.Net.ClientFactory.Tests\Grpc.Net.ClientFactory.Tests.csproj", "{0C98BD64-8A57-46A1-B47B-EAF260DEE25A}"
EndProject
Project("{9A19103F-16F7-4668-BE54-9A1E7A4F7556}") = "Grpc.AspNetCore", "src\Grpc.AspNetCore\Grpc.AspNetCore.csproj", "{F6CA82C9-85C6-4A5F-B892-4DF8A20B1C05}"
EndProject
Project("{9A19103F-16F7-4668-BE54-9A1E7A4F7556}") = "Grpc.Net.Common", "src\Grpc.Net.Common\Grpc.Net.Common.csproj", "{69C50655-71EE-4E69-BC2C-ABCA568F6E76}"
EndProject
Project("{9A19103F-16F7-4668-BE54-9A1E7A4F7556}") = "GrpcAspNetCoreServer", "perf\benchmarkapps\GrpcAspNetCoreServer\GrpcAspNetCoreServer.csproj", "{1D9AB69D-244C-4871-867E-DCEC52B552A4}"
EndProject
Project("{9A19103F-16F7-4668-BE54-9A1E7A4F7556}") = "GrpcCoreServer", "perf\benchmarkapps\GrpcCoreServer\GrpcCoreServer.csproj", "{781111FC-8F3C-433E-BC96-D88ADAEE3064}"
EndProject
Project("{9A19103F-16F7-4668-BE54-9A1E7A4F7556}") = "Grpc.Net.Client.Web", "src\Grpc.Net.Client.Web\Grpc.Net.Client.Web.csproj", "{429EB088-94FF-4F06-8E54-72157089C8C3}"
EndProject
Project("{9A19103F-16F7-4668-BE54-9A1E7A4F7556}") = "Grpc.AspNetCore.Web", "src\Grpc.AspNetCore.Web\Grpc.AspNetCore.Web.csproj", "{778DB6EE-E5B2-4875-A209-40010B5A3E21}"
EndProject
Project("{9A19103F-16F7-4668-BE54-9A1E7A4F7556}") = "Grpc.AspNetCore.HealthChecks", "src\Grpc.AspNetCore.HealthChecks\Grpc.AspNetCore.HealthChecks.csproj", "{39A9F2B5-2541-423E-83C9-46C7BFF53F41}"
EndProject
Project("{9A19103F-16F7-4668-BE54-9A1E7A4F7556}") = "InteropTestsGrpcWebWebsite", "testassets\InteropTestsGrpcWebWebsite\InteropTestsGrpcWebWebsite.csproj", "{AE2CF906-6C98-40F5-8EE5-3DBAC572F114}"
EndProject
Project("{9A19103F-16F7-4668-BE54-9A1E7A4F7556}") = "InteropTestsGrpcWebClient", "testassets\InteropTestsGrpcWebClient\InteropTestsGrpcWebClient.csproj", "{10DD7EEB-7B3A-4BF2-9562-78831FB06001}"
EndProject
Project("{9A19103F-16F7-4668-BE54-9A1E7A4F7556}") = "GrpcClient", "perf\benchmarkapps\GrpcClient\GrpcClient.csproj", "{D241B525-3B50-42EA-9E43-052745549BA6}"
EndProject
Project("{9A19103F-16F7-4668-BE54-9A1E7A4F7556}") = "LinkerTestsClient", "testassets\LinkerTestsClient\LinkerTestsClient.csproj", "{1FA0B07B-E65C-4380-94A4-75F10312487D}"
EndProject
Project("{9A19103F-16F7-4668-BE54-9A1E7A4F7556}") = "LinkerTestsWebsite", "testassets\LinkerTestsWebsite\LinkerTestsWebsite.csproj", "{FC5F9350-B812-4C62-AE76-0FF437F0F362}"
EndProject
Project("{9A19103F-16F7-4668-BE54-9A1E7A4F7556}") = "Grpc.Net.Client.Web.Tests", "test\Grpc.Net.Client.Web.Tests\Grpc.Net.Client.Web.Tests.csproj", "{14B1CA94-1222-4D2E-B37A-1FF8676E233E}"
EndProject
Project("{9A19103F-16F7-4668-BE54-9A1E7A4F7556}") = "QpsWorker", "perf\benchmarkapps\QpsWorker\QpsWorker.csproj", "{430F312C-550B-4D1F-907F-01A72F3E5CF2}"
EndProject
Project("{9A19103F-16F7-4668-BE54-9A1E7A4F7556}") = "Grpc.Core.Api", "src\Grpc.Core.Api\Grpc.Core.Api.csproj", "{BAE7C213-5950-4916-B456-A482828D89A0}"
EndProject
Project("{9A19103F-16F7-4668-BE54-9A1E7A4F7556}") = "Grpc.Core.Api.Tests", "test\Grpc.Core.Api.Tests\Grpc.Core.Api.Tests.csproj", "{CAEA2276-BCB8-4B1E-9E6F-E546E4BDBCA8}"
EndProject
Project("{9A19103F-16F7-4668-BE54-9A1E7A4F7556}") = "Grpc.Auth", "src\Grpc.Auth\Grpc.Auth.csproj", "{0BF42289-98E1-4490-8934-AF56B05ADB8B}"
EndProject
Project("{9A19103F-16F7-4668-BE54-9A1E7A4F7556}") = "Grpc.HealthCheck", "src\Grpc.HealthCheck\Grpc.HealthCheck.csproj", "{6A70E853-DFAF-4484-90FC-ACA755CD02A4}"
EndProject
Project("{9A19103F-16F7-4668-BE54-9A1E7A4F7556}") = "Grpc.Reflection", "src\Grpc.Reflection\Grpc.Reflection.csproj", "{B4153E7F-5CF3-4DFB-A9D1-5E77A2FB2C48}"
EndProject
Project("{9A19103F-16F7-4668-BE54-9A1E7A4F7556}") = "Grpc.HealthCheck.Tests", "test\Grpc.HealthCheck.Tests\Grpc.HealthCheck.Tests.csproj", "{25544326-C145-4D05-A4C3-AC7D59E17196}"
EndProject
Project("{9A19103F-16F7-4668-BE54-9A1E7A4F7556}") = "Grpc.Reflection.Tests", "test\Grpc.Reflection.Tests\Grpc.Reflection.Tests.csproj", "{857C5B4B-E2A8-4ACA-98FB-5E592E2224CC}"
EndProject
Project("{9A19103F-16F7-4668-BE54-9A1E7A4F7556}") = "Grpc.StatusProto", "src\Grpc.StatusProto\Grpc.StatusProto.csproj", "{C01E4F44-9AB0-4478-A453-C88CCB49A4F1}"
EndProject
Project("{9A19103F-16F7-4668-BE54-9A1E7A4F7556}") = "Grpc.StatusProto.Tests", "test\Grpc.StatusProto.Tests\Grpc.StatusProto.Tests.csproj", "{E49FA5BF-4D67-4C95-9543-8E9FCEAF3609}"
EndProject
Global
	GlobalSection(SolutionConfigurationPlatforms) = preSolution
		Debug|Any CPU = Debug|Any CPU
		Release|Any CPU = Release|Any CPU
	EndGlobalSection
	GlobalSection(ProjectConfigurationPlatforms) = postSolution
		{89ED416F-92F1-4425-9379-D4E76A285860}.Debug|Any CPU.ActiveCfg = Debug|Any CPU
		{89ED416F-92F1-4425-9379-D4E76A285860}.Debug|Any CPU.Build.0 = Debug|Any CPU
		{89ED416F-92F1-4425-9379-D4E76A285860}.Release|Any CPU.ActiveCfg = Release|Any CPU
		{89ED416F-92F1-4425-9379-D4E76A285860}.Release|Any CPU.Build.0 = Release|Any CPU
		{278B1311-41BF-4345-947E-7B70E277FC3C}.Debug|Any CPU.ActiveCfg = Debug|Any CPU
		{278B1311-41BF-4345-947E-7B70E277FC3C}.Debug|Any CPU.Build.0 = Debug|Any CPU
		{278B1311-41BF-4345-947E-7B70E277FC3C}.Release|Any CPU.ActiveCfg = Release|Any CPU
		{278B1311-41BF-4345-947E-7B70E277FC3C}.Release|Any CPU.Build.0 = Release|Any CPU
		{B190F61D-854C-4EE1-9532-B81AB3215F90}.Debug|Any CPU.ActiveCfg = Debug|Any CPU
		{B190F61D-854C-4EE1-9532-B81AB3215F90}.Debug|Any CPU.Build.0 = Debug|Any CPU
		{B190F61D-854C-4EE1-9532-B81AB3215F90}.Release|Any CPU.ActiveCfg = Release|Any CPU
		{B190F61D-854C-4EE1-9532-B81AB3215F90}.Release|Any CPU.Build.0 = Release|Any CPU
		{7B95289B-4992-4C0D-B26F-8EC58F81FC96}.Debug|Any CPU.ActiveCfg = Debug|Any CPU
		{7B95289B-4992-4C0D-B26F-8EC58F81FC96}.Debug|Any CPU.Build.0 = Debug|Any CPU
		{7B95289B-4992-4C0D-B26F-8EC58F81FC96}.Release|Any CPU.ActiveCfg = Release|Any CPU
		{7B95289B-4992-4C0D-B26F-8EC58F81FC96}.Release|Any CPU.Build.0 = Release|Any CPU
		{98500D54-FC3F-4A42-B74D-51930C19B175}.Debug|Any CPU.ActiveCfg = Debug|Any CPU
		{98500D54-FC3F-4A42-B74D-51930C19B175}.Debug|Any CPU.Build.0 = Debug|Any CPU
		{98500D54-FC3F-4A42-B74D-51930C19B175}.Release|Any CPU.ActiveCfg = Release|Any CPU
		{98500D54-FC3F-4A42-B74D-51930C19B175}.Release|Any CPU.Build.0 = Release|Any CPU
		{A551D7B1-D75A-43F0-A8E3-BAEA5EDF616A}.Debug|Any CPU.ActiveCfg = Debug|Any CPU
		{A551D7B1-D75A-43F0-A8E3-BAEA5EDF616A}.Debug|Any CPU.Build.0 = Debug|Any CPU
		{A551D7B1-D75A-43F0-A8E3-BAEA5EDF616A}.Release|Any CPU.ActiveCfg = Release|Any CPU
		{A551D7B1-D75A-43F0-A8E3-BAEA5EDF616A}.Release|Any CPU.Build.0 = Release|Any CPU
		{C3D6C3BD-4E56-4B0F-88FD-4F2D68F0CD25}.Debug|Any CPU.ActiveCfg = Debug|Any CPU
		{C3D6C3BD-4E56-4B0F-88FD-4F2D68F0CD25}.Debug|Any CPU.Build.0 = Debug|Any CPU
		{C3D6C3BD-4E56-4B0F-88FD-4F2D68F0CD25}.Release|Any CPU.ActiveCfg = Release|Any CPU
		{C3D6C3BD-4E56-4B0F-88FD-4F2D68F0CD25}.Release|Any CPU.Build.0 = Release|Any CPU
		{55813F20-1269-4B19-B03E-7E4A90148F92}.Debug|Any CPU.ActiveCfg = Debug|Any CPU
		{55813F20-1269-4B19-B03E-7E4A90148F92}.Debug|Any CPU.Build.0 = Debug|Any CPU
		{55813F20-1269-4B19-B03E-7E4A90148F92}.Release|Any CPU.ActiveCfg = Release|Any CPU
		{55813F20-1269-4B19-B03E-7E4A90148F92}.Release|Any CPU.Build.0 = Release|Any CPU
		{291E5BA5-608D-406D-A2DB-389412D907F3}.Debug|Any CPU.ActiveCfg = Debug|Any CPU
		{291E5BA5-608D-406D-A2DB-389412D907F3}.Debug|Any CPU.Build.0 = Debug|Any CPU
		{291E5BA5-608D-406D-A2DB-389412D907F3}.Release|Any CPU.ActiveCfg = Release|Any CPU
		{291E5BA5-608D-406D-A2DB-389412D907F3}.Release|Any CPU.Build.0 = Release|Any CPU
		{D15CAEF6-0A5D-416E-B6F7-DE75C4B1D89B}.Debug|Any CPU.ActiveCfg = Debug|Any CPU
		{D15CAEF6-0A5D-416E-B6F7-DE75C4B1D89B}.Debug|Any CPU.Build.0 = Debug|Any CPU
		{D15CAEF6-0A5D-416E-B6F7-DE75C4B1D89B}.Release|Any CPU.ActiveCfg = Release|Any CPU
		{D15CAEF6-0A5D-416E-B6F7-DE75C4B1D89B}.Release|Any CPU.Build.0 = Release|Any CPU
		{EBD5D978-1519-45ED-AC20-EC43C7FA552C}.Debug|Any CPU.ActiveCfg = Debug|Any CPU
		{EBD5D978-1519-45ED-AC20-EC43C7FA552C}.Debug|Any CPU.Build.0 = Debug|Any CPU
		{EBD5D978-1519-45ED-AC20-EC43C7FA552C}.Release|Any CPU.ActiveCfg = Release|Any CPU
		{EBD5D978-1519-45ED-AC20-EC43C7FA552C}.Release|Any CPU.Build.0 = Release|Any CPU
		{265CD0AA-A1BD-40B8-A1E6-B3CB5F7591B8}.Debug|Any CPU.ActiveCfg = Debug|Any CPU
		{265CD0AA-A1BD-40B8-A1E6-B3CB5F7591B8}.Debug|Any CPU.Build.0 = Debug|Any CPU
		{265CD0AA-A1BD-40B8-A1E6-B3CB5F7591B8}.Release|Any CPU.ActiveCfg = Release|Any CPU
		{265CD0AA-A1BD-40B8-A1E6-B3CB5F7591B8}.Release|Any CPU.Build.0 = Release|Any CPU
		{BF9F5674-2BC3-446E-BBEA-3055A4A2B889}.Debug|Any CPU.ActiveCfg = Debug|Any CPU
		{BF9F5674-2BC3-446E-BBEA-3055A4A2B889}.Debug|Any CPU.Build.0 = Debug|Any CPU
		{BF9F5674-2BC3-446E-BBEA-3055A4A2B889}.Release|Any CPU.ActiveCfg = Release|Any CPU
		{BF9F5674-2BC3-446E-BBEA-3055A4A2B889}.Release|Any CPU.Build.0 = Release|Any CPU
		{4306E048-9D81-44A8-8069-2C294289FC00}.Debug|Any CPU.ActiveCfg = Debug|Any CPU
		{4306E048-9D81-44A8-8069-2C294289FC00}.Debug|Any CPU.Build.0 = Debug|Any CPU
		{4306E048-9D81-44A8-8069-2C294289FC00}.Release|Any CPU.ActiveCfg = Release|Any CPU
		{4306E048-9D81-44A8-8069-2C294289FC00}.Release|Any CPU.Build.0 = Release|Any CPU
		{095F2B46-16DC-4A2E-A075-A0373D902294}.Debug|Any CPU.ActiveCfg = Debug|Any CPU
		{095F2B46-16DC-4A2E-A075-A0373D902294}.Debug|Any CPU.Build.0 = Debug|Any CPU
		{095F2B46-16DC-4A2E-A075-A0373D902294}.Release|Any CPU.ActiveCfg = Release|Any CPU
		{095F2B46-16DC-4A2E-A075-A0373D902294}.Release|Any CPU.Build.0 = Release|Any CPU
		{7C299E2C-A5FE-439D-A346-2A676302BD04}.Debug|Any CPU.ActiveCfg = Debug|Any CPU
		{7C299E2C-A5FE-439D-A346-2A676302BD04}.Debug|Any CPU.Build.0 = Debug|Any CPU
		{7C299E2C-A5FE-439D-A346-2A676302BD04}.Release|Any CPU.ActiveCfg = Release|Any CPU
		{7C299E2C-A5FE-439D-A346-2A676302BD04}.Release|Any CPU.Build.0 = Release|Any CPU
		{F68DBD76-196A-4F55-BBEB-97278655017F}.Debug|Any CPU.ActiveCfg = Debug|Any CPU
		{F68DBD76-196A-4F55-BBEB-97278655017F}.Debug|Any CPU.Build.0 = Debug|Any CPU
		{F68DBD76-196A-4F55-BBEB-97278655017F}.Release|Any CPU.ActiveCfg = Release|Any CPU
		{F68DBD76-196A-4F55-BBEB-97278655017F}.Release|Any CPU.Build.0 = Release|Any CPU
		{0C98BD64-8A57-46A1-B47B-EAF260DEE25A}.Debug|Any CPU.ActiveCfg = Debug|Any CPU
		{0C98BD64-8A57-46A1-B47B-EAF260DEE25A}.Debug|Any CPU.Build.0 = Debug|Any CPU
		{0C98BD64-8A57-46A1-B47B-EAF260DEE25A}.Release|Any CPU.ActiveCfg = Release|Any CPU
		{0C98BD64-8A57-46A1-B47B-EAF260DEE25A}.Release|Any CPU.Build.0 = Release|Any CPU
		{F6CA82C9-85C6-4A5F-B892-4DF8A20B1C05}.Debug|Any CPU.ActiveCfg = Debug|Any CPU
		{F6CA82C9-85C6-4A5F-B892-4DF8A20B1C05}.Debug|Any CPU.Build.0 = Debug|Any CPU
		{F6CA82C9-85C6-4A5F-B892-4DF8A20B1C05}.Release|Any CPU.ActiveCfg = Release|Any CPU
		{F6CA82C9-85C6-4A5F-B892-4DF8A20B1C05}.Release|Any CPU.Build.0 = Release|Any CPU
		{69C50655-71EE-4E69-BC2C-ABCA568F6E76}.Debug|Any CPU.ActiveCfg = Debug|Any CPU
		{69C50655-71EE-4E69-BC2C-ABCA568F6E76}.Debug|Any CPU.Build.0 = Debug|Any CPU
		{69C50655-71EE-4E69-BC2C-ABCA568F6E76}.Release|Any CPU.ActiveCfg = Release|Any CPU
		{69C50655-71EE-4E69-BC2C-ABCA568F6E76}.Release|Any CPU.Build.0 = Release|Any CPU
		{1D9AB69D-244C-4871-867E-DCEC52B552A4}.Debug|Any CPU.ActiveCfg = Debug|Any CPU
		{1D9AB69D-244C-4871-867E-DCEC52B552A4}.Debug|Any CPU.Build.0 = Debug|Any CPU
		{1D9AB69D-244C-4871-867E-DCEC52B552A4}.Release|Any CPU.ActiveCfg = Release|Any CPU
		{1D9AB69D-244C-4871-867E-DCEC52B552A4}.Release|Any CPU.Build.0 = Release|Any CPU
		{781111FC-8F3C-433E-BC96-D88ADAEE3064}.Debug|Any CPU.ActiveCfg = Debug|Any CPU
		{781111FC-8F3C-433E-BC96-D88ADAEE3064}.Debug|Any CPU.Build.0 = Debug|Any CPU
		{781111FC-8F3C-433E-BC96-D88ADAEE3064}.Release|Any CPU.ActiveCfg = Release|Any CPU
		{781111FC-8F3C-433E-BC96-D88ADAEE3064}.Release|Any CPU.Build.0 = Release|Any CPU
		{429EB088-94FF-4F06-8E54-72157089C8C3}.Debug|Any CPU.ActiveCfg = Debug|Any CPU
		{429EB088-94FF-4F06-8E54-72157089C8C3}.Debug|Any CPU.Build.0 = Debug|Any CPU
		{429EB088-94FF-4F06-8E54-72157089C8C3}.Release|Any CPU.ActiveCfg = Release|Any CPU
		{429EB088-94FF-4F06-8E54-72157089C8C3}.Release|Any CPU.Build.0 = Release|Any CPU
		{778DB6EE-E5B2-4875-A209-40010B5A3E21}.Debug|Any CPU.ActiveCfg = Debug|Any CPU
		{778DB6EE-E5B2-4875-A209-40010B5A3E21}.Debug|Any CPU.Build.0 = Debug|Any CPU
		{778DB6EE-E5B2-4875-A209-40010B5A3E21}.Release|Any CPU.ActiveCfg = Release|Any CPU
		{778DB6EE-E5B2-4875-A209-40010B5A3E21}.Release|Any CPU.Build.0 = Release|Any CPU
		{39A9F2B5-2541-423E-83C9-46C7BFF53F41}.Debug|Any CPU.ActiveCfg = Debug|Any CPU
		{39A9F2B5-2541-423E-83C9-46C7BFF53F41}.Debug|Any CPU.Build.0 = Debug|Any CPU
		{39A9F2B5-2541-423E-83C9-46C7BFF53F41}.Release|Any CPU.ActiveCfg = Release|Any CPU
		{39A9F2B5-2541-423E-83C9-46C7BFF53F41}.Release|Any CPU.Build.0 = Release|Any CPU
		{AE2CF906-6C98-40F5-8EE5-3DBAC572F114}.Debug|Any CPU.ActiveCfg = Debug|Any CPU
		{AE2CF906-6C98-40F5-8EE5-3DBAC572F114}.Debug|Any CPU.Build.0 = Debug|Any CPU
		{AE2CF906-6C98-40F5-8EE5-3DBAC572F114}.Release|Any CPU.ActiveCfg = Release|Any CPU
		{AE2CF906-6C98-40F5-8EE5-3DBAC572F114}.Release|Any CPU.Build.0 = Release|Any CPU
		{10DD7EEB-7B3A-4BF2-9562-78831FB06001}.Debug|Any CPU.ActiveCfg = Debug|Any CPU
		{10DD7EEB-7B3A-4BF2-9562-78831FB06001}.Debug|Any CPU.Build.0 = Debug|Any CPU
		{10DD7EEB-7B3A-4BF2-9562-78831FB06001}.Release|Any CPU.ActiveCfg = Release|Any CPU
		{10DD7EEB-7B3A-4BF2-9562-78831FB06001}.Release|Any CPU.Build.0 = Release|Any CPU
		{D241B525-3B50-42EA-9E43-052745549BA6}.Debug|Any CPU.ActiveCfg = Debug|Any CPU
		{D241B525-3B50-42EA-9E43-052745549BA6}.Debug|Any CPU.Build.0 = Debug|Any CPU
		{D241B525-3B50-42EA-9E43-052745549BA6}.Release|Any CPU.ActiveCfg = Release|Any CPU
		{D241B525-3B50-42EA-9E43-052745549BA6}.Release|Any CPU.Build.0 = Release|Any CPU
		{1FA0B07B-E65C-4380-94A4-75F10312487D}.Debug|Any CPU.ActiveCfg = Debug|Any CPU
		{1FA0B07B-E65C-4380-94A4-75F10312487D}.Debug|Any CPU.Build.0 = Debug|Any CPU
		{1FA0B07B-E65C-4380-94A4-75F10312487D}.Release|Any CPU.ActiveCfg = Release|Any CPU
		{1FA0B07B-E65C-4380-94A4-75F10312487D}.Release|Any CPU.Build.0 = Release|Any CPU
		{FC5F9350-B812-4C62-AE76-0FF437F0F362}.Debug|Any CPU.ActiveCfg = Debug|Any CPU
		{FC5F9350-B812-4C62-AE76-0FF437F0F362}.Debug|Any CPU.Build.0 = Debug|Any CPU
		{FC5F9350-B812-4C62-AE76-0FF437F0F362}.Release|Any CPU.ActiveCfg = Release|Any CPU
		{FC5F9350-B812-4C62-AE76-0FF437F0F362}.Release|Any CPU.Build.0 = Release|Any CPU
		{14B1CA94-1222-4D2E-B37A-1FF8676E233E}.Debug|Any CPU.ActiveCfg = Debug|Any CPU
		{14B1CA94-1222-4D2E-B37A-1FF8676E233E}.Debug|Any CPU.Build.0 = Debug|Any CPU
		{14B1CA94-1222-4D2E-B37A-1FF8676E233E}.Release|Any CPU.ActiveCfg = Release|Any CPU
		{14B1CA94-1222-4D2E-B37A-1FF8676E233E}.Release|Any CPU.Build.0 = Release|Any CPU
		{430F312C-550B-4D1F-907F-01A72F3E5CF2}.Debug|Any CPU.ActiveCfg = Debug|Any CPU
		{430F312C-550B-4D1F-907F-01A72F3E5CF2}.Debug|Any CPU.Build.0 = Debug|Any CPU
		{430F312C-550B-4D1F-907F-01A72F3E5CF2}.Release|Any CPU.ActiveCfg = Release|Any CPU
		{430F312C-550B-4D1F-907F-01A72F3E5CF2}.Release|Any CPU.Build.0 = Release|Any CPU
		{BAE7C213-5950-4916-B456-A482828D89A0}.Debug|Any CPU.ActiveCfg = Debug|Any CPU
		{BAE7C213-5950-4916-B456-A482828D89A0}.Debug|Any CPU.Build.0 = Debug|Any CPU
		{BAE7C213-5950-4916-B456-A482828D89A0}.Release|Any CPU.ActiveCfg = Release|Any CPU
		{BAE7C213-5950-4916-B456-A482828D89A0}.Release|Any CPU.Build.0 = Release|Any CPU
		{CAEA2276-BCB8-4B1E-9E6F-E546E4BDBCA8}.Debug|Any CPU.ActiveCfg = Debug|Any CPU
		{CAEA2276-BCB8-4B1E-9E6F-E546E4BDBCA8}.Debug|Any CPU.Build.0 = Debug|Any CPU
		{CAEA2276-BCB8-4B1E-9E6F-E546E4BDBCA8}.Release|Any CPU.ActiveCfg = Release|Any CPU
		{CAEA2276-BCB8-4B1E-9E6F-E546E4BDBCA8}.Release|Any CPU.Build.0 = Release|Any CPU
		{0BF42289-98E1-4490-8934-AF56B05ADB8B}.Debug|Any CPU.ActiveCfg = Debug|Any CPU
		{0BF42289-98E1-4490-8934-AF56B05ADB8B}.Debug|Any CPU.Build.0 = Debug|Any CPU
		{0BF42289-98E1-4490-8934-AF56B05ADB8B}.Release|Any CPU.ActiveCfg = Release|Any CPU
		{0BF42289-98E1-4490-8934-AF56B05ADB8B}.Release|Any CPU.Build.0 = Release|Any CPU
		{6A70E853-DFAF-4484-90FC-ACA755CD02A4}.Debug|Any CPU.ActiveCfg = Debug|Any CPU
		{6A70E853-DFAF-4484-90FC-ACA755CD02A4}.Debug|Any CPU.Build.0 = Debug|Any CPU
		{6A70E853-DFAF-4484-90FC-ACA755CD02A4}.Release|Any CPU.ActiveCfg = Release|Any CPU
		{6A70E853-DFAF-4484-90FC-ACA755CD02A4}.Release|Any CPU.Build.0 = Release|Any CPU
		{B4153E7F-5CF3-4DFB-A9D1-5E77A2FB2C48}.Debug|Any CPU.ActiveCfg = Debug|Any CPU
		{B4153E7F-5CF3-4DFB-A9D1-5E77A2FB2C48}.Debug|Any CPU.Build.0 = Debug|Any CPU
		{B4153E7F-5CF3-4DFB-A9D1-5E77A2FB2C48}.Release|Any CPU.ActiveCfg = Release|Any CPU
		{B4153E7F-5CF3-4DFB-A9D1-5E77A2FB2C48}.Release|Any CPU.Build.0 = Release|Any CPU
		{25544326-C145-4D05-A4C3-AC7D59E17196}.Debug|Any CPU.ActiveCfg = Debug|Any CPU
		{25544326-C145-4D05-A4C3-AC7D59E17196}.Debug|Any CPU.Build.0 = Debug|Any CPU
		{25544326-C145-4D05-A4C3-AC7D59E17196}.Release|Any CPU.ActiveCfg = Release|Any CPU
		{25544326-C145-4D05-A4C3-AC7D59E17196}.Release|Any CPU.Build.0 = Release|Any CPU
		{857C5B4B-E2A8-4ACA-98FB-5E592E2224CC}.Debug|Any CPU.ActiveCfg = Debug|Any CPU
		{857C5B4B-E2A8-4ACA-98FB-5E592E2224CC}.Debug|Any CPU.Build.0 = Debug|Any CPU
		{857C5B4B-E2A8-4ACA-98FB-5E592E2224CC}.Release|Any CPU.ActiveCfg = Release|Any CPU
		{857C5B4B-E2A8-4ACA-98FB-5E592E2224CC}.Release|Any CPU.Build.0 = Release|Any CPU
		{C01E4F44-9AB0-4478-A453-C88CCB49A4F1}.Debug|Any CPU.ActiveCfg = Debug|Any CPU
		{C01E4F44-9AB0-4478-A453-C88CCB49A4F1}.Debug|Any CPU.Build.0 = Debug|Any CPU
		{C01E4F44-9AB0-4478-A453-C88CCB49A4F1}.Release|Any CPU.ActiveCfg = Release|Any CPU
		{C01E4F44-9AB0-4478-A453-C88CCB49A4F1}.Release|Any CPU.Build.0 = Release|Any CPU
		{E49FA5BF-4D67-4C95-9543-8E9FCEAF3609}.Debug|Any CPU.ActiveCfg = Debug|Any CPU
		{E49FA5BF-4D67-4C95-9543-8E9FCEAF3609}.Debug|Any CPU.Build.0 = Debug|Any CPU
		{E49FA5BF-4D67-4C95-9543-8E9FCEAF3609}.Release|Any CPU.ActiveCfg = Release|Any CPU
		{E49FA5BF-4D67-4C95-9543-8E9FCEAF3609}.Release|Any CPU.Build.0 = Release|Any CPU
	EndGlobalSection
	GlobalSection(SolutionProperties) = preSolution
		HideSolutionNode = FALSE
	EndGlobalSection
	GlobalSection(NestedProjects) = preSolution
		{89ED416F-92F1-4425-9379-D4E76A285860} = {8C62055F-8CD7-4859-9001-634D544DF2AE}
		{278B1311-41BF-4345-947E-7B70E277FC3C} = {CECC4AE8-9C4E-4727-939B-517CC2E58D65}
		{B190F61D-854C-4EE1-9532-B81AB3215F90} = {CECC4AE8-9C4E-4727-939B-517CC2E58D65}
		{59C7B1F0-EE4D-4098-8596-0ADDBC305234} = {CECC4AE8-9C4E-4727-939B-517CC2E58D65}
		{BF1393D4-6099-4EF9-85BB-7EE6CBEB920C} = {59C7B1F0-EE4D-4098-8596-0ADDBC305234}
		{7B95289B-4992-4C0D-B26F-8EC58F81FC96} = {59C7B1F0-EE4D-4098-8596-0ADDBC305234}
		{1B8B6117-CE39-4580-BAFA-D8026102767A} = {4163E1B3-4D75-46B4-9107-9A158FD708FC}
		{310E5783-455A-4D09-A7AE-39DC2AB09504} = {1B8B6117-CE39-4580-BAFA-D8026102767A}
		{98500D54-FC3F-4A42-B74D-51930C19B175} = {4163E1B3-4D75-46B4-9107-9A158FD708FC}
		{A551D7B1-D75A-43F0-A8E3-BAEA5EDF616A} = {59C7B1F0-EE4D-4098-8596-0ADDBC305234}
		{C3D6C3BD-4E56-4B0F-88FD-4F2D68F0CD25} = {59C7B1F0-EE4D-4098-8596-0ADDBC305234}
		{39320CA8-D8F0-45B6-B704-A04C16870226} = {310E5783-455A-4D09-A7AE-39DC2AB09504}
		{55813F20-1269-4B19-B03E-7E4A90148F92} = {8C62055F-8CD7-4859-9001-634D544DF2AE}
		{291E5BA5-608D-406D-A2DB-389412D907F3} = {59C7B1F0-EE4D-4098-8596-0ADDBC305234}
		{743F8EC2-004E-4640-B04F-5BAFDA8BF112} = {59C7B1F0-EE4D-4098-8596-0ADDBC305234}
		{50CF39FF-2644-4B5F-BE1A-B57487B9723B} = {743F8EC2-004E-4640-B04F-5BAFDA8BF112}
		{6DC078D2-8FB1-4685-B9BE-61F1C0ED8053} = {BF1393D4-6099-4EF9-85BB-7EE6CBEB920C}
		{88AC787E-603C-48C3-AEBA-D90F3E2142CA} = {6DC078D2-8FB1-4685-B9BE-61F1C0ED8053}
		{D15CAEF6-0A5D-416E-B6F7-DE75C4B1D89B} = {59C7B1F0-EE4D-4098-8596-0ADDBC305234}
		{EBD5D978-1519-45ED-AC20-EC43C7FA552C} = {8C62055F-8CD7-4859-9001-634D544DF2AE}
		{265CD0AA-A1BD-40B8-A1E6-B3CB5F7591B8} = {CECC4AE8-9C4E-4727-939B-517CC2E58D65}
		{BF9F5674-2BC3-446E-BBEA-3055A4A2B889} = {8C62055F-8CD7-4859-9001-634D544DF2AE}
		{4306E048-9D81-44A8-8069-2C294289FC00} = {CECC4AE8-9C4E-4727-939B-517CC2E58D65}
		{095F2B46-16DC-4A2E-A075-A0373D902294} = {8C62055F-8CD7-4859-9001-634D544DF2AE}
		{7C299E2C-A5FE-439D-A346-2A676302BD04} = {CECC4AE8-9C4E-4727-939B-517CC2E58D65}
		{F68DBD76-196A-4F55-BBEB-97278655017F} = {8C62055F-8CD7-4859-9001-634D544DF2AE}
		{0C98BD64-8A57-46A1-B47B-EAF260DEE25A} = {CECC4AE8-9C4E-4727-939B-517CC2E58D65}
		{F6CA82C9-85C6-4A5F-B892-4DF8A20B1C05} = {8C62055F-8CD7-4859-9001-634D544DF2AE}
		{69C50655-71EE-4E69-BC2C-ABCA568F6E76} = {8C62055F-8CD7-4859-9001-634D544DF2AE}
		{1D9AB69D-244C-4871-867E-DCEC52B552A4} = {1B8B6117-CE39-4580-BAFA-D8026102767A}
		{781111FC-8F3C-433E-BC96-D88ADAEE3064} = {1B8B6117-CE39-4580-BAFA-D8026102767A}
		{429EB088-94FF-4F06-8E54-72157089C8C3} = {8C62055F-8CD7-4859-9001-634D544DF2AE}
		{778DB6EE-E5B2-4875-A209-40010B5A3E21} = {8C62055F-8CD7-4859-9001-634D544DF2AE}
		{39A9F2B5-2541-423E-83C9-46C7BFF53F41} = {8C62055F-8CD7-4859-9001-634D544DF2AE}
		{AE2CF906-6C98-40F5-8EE5-3DBAC572F114} = {59C7B1F0-EE4D-4098-8596-0ADDBC305234}
		{10DD7EEB-7B3A-4BF2-9562-78831FB06001} = {59C7B1F0-EE4D-4098-8596-0ADDBC305234}
		{D241B525-3B50-42EA-9E43-052745549BA6} = {1B8B6117-CE39-4580-BAFA-D8026102767A}
		{1FA0B07B-E65C-4380-94A4-75F10312487D} = {59C7B1F0-EE4D-4098-8596-0ADDBC305234}
		{FC5F9350-B812-4C62-AE76-0FF437F0F362} = {59C7B1F0-EE4D-4098-8596-0ADDBC305234}
		{14B1CA94-1222-4D2E-B37A-1FF8676E233E} = {CECC4AE8-9C4E-4727-939B-517CC2E58D65}
		{430F312C-550B-4D1F-907F-01A72F3E5CF2} = {1B8B6117-CE39-4580-BAFA-D8026102767A}
		{BAE7C213-5950-4916-B456-A482828D89A0} = {8C62055F-8CD7-4859-9001-634D544DF2AE}
		{CAEA2276-BCB8-4B1E-9E6F-E546E4BDBCA8} = {CECC4AE8-9C4E-4727-939B-517CC2E58D65}
		{0BF42289-98E1-4490-8934-AF56B05ADB8B} = {8C62055F-8CD7-4859-9001-634D544DF2AE}
		{6A70E853-DFAF-4484-90FC-ACA755CD02A4} = {8C62055F-8CD7-4859-9001-634D544DF2AE}
		{B4153E7F-5CF3-4DFB-A9D1-5E77A2FB2C48} = {8C62055F-8CD7-4859-9001-634D544DF2AE}
		{25544326-C145-4D05-A4C3-AC7D59E17196} = {CECC4AE8-9C4E-4727-939B-517CC2E58D65}
		{857C5B4B-E2A8-4ACA-98FB-5E592E2224CC} = {CECC4AE8-9C4E-4727-939B-517CC2E58D65}
		{C01E4F44-9AB0-4478-A453-C88CCB49A4F1} = {8C62055F-8CD7-4859-9001-634D544DF2AE}
		{E49FA5BF-4D67-4C95-9543-8E9FCEAF3609} = {CECC4AE8-9C4E-4727-939B-517CC2E58D65}
	EndGlobalSection
	GlobalSection(ExtensibilityGlobals) = postSolution
		SolutionGuid = {CD5C2B19-49B4-480A-990C-36D98A719B07}
	EndGlobalSection
EndGlobal
