
Microsoft Visual Studio Solution File, Format Version 12.00
# Visual Studio Version 17
VisualStudioVersion = 17.1.32104.313
MinimumVisualStudioVersion = 15.0.26124.0
Project("{9A19103F-16F7-4668-BE54-9A1E7A4F7556}") = "Server", "Server\Server.csproj", "{3B12B366-4B8E-4B77-891C-7C3FE77D59D4}"
EndProject
Global
	GlobalSection(SolutionConfigurationPlatforms) = preSolution
		Debug|Any CPU = Debug|Any CPU
		Release|Any CPU = Release|Any CPU
	EndGlobalSection
	GlobalSection(ProjectConfigurationPlatforms) = postSolution
		{3B12B366-4B8E-4B77-891C-7C3FE77D59D4}.Debug|Any CPU.ActiveCfg = Debug|Any CPU
		{3B12B366-4B8E-4B77-891C-7C3FE77D59D4}.Debug|Any CPU.Build.0 = Debug|Any CPU
		{3B12B366-4B8E-4B77-891C-7C3FE77D59D4}.Release|Any CPU.ActiveCfg = Release|Any CPU
		{3B12B366-4B8E-4B77-891C-7C3FE77D59D4}.Release|Any CPU.Build.0 = Release|Any CPU
	EndGlobalSection
	GlobalSection(SolutionProperties) = preSolution
		HideSolutionNode = FALSE
	EndGlobalSection
	GlobalSection(ExtensibilityGlobals) = postSolution
		SolutionGuid = {ED16A561-5A6A-421E-8C8E-83423ACEF2EB}
	EndGlobalSection
EndGlobal
