
Microsoft Visual Studio Solution File, Format Version 12.00
# Visual Studio Version 16
VisualStudioVersion = 16.0.29230.61
MinimumVisualStudioVersion = 10.0.40219.1
Project("{9A19103F-16F7-4668-BE54-9A1E7A4F7556}") = "Server", "Server\Server.csproj", "{534AC5F8-2DF2-40BD-87A5-B3D8310118C4}"
EndProject
Project("{9A19103F-16F7-4668-BE54-9A1E7A4F7556}") = "Client", "Client\Client.csproj", "{48A1D3BC-A14B-436A-8822-6DE2BEF8B747}"
EndProject
Project("{FAE04EC0-301F-11D3-BF4B-00C04F79EFBC}") = "Shared", "Shared\Shared.csproj", "{9E978075-E00D-4FA9-9765-18CB51C5F5EE}"
EndProject
Global
	GlobalSection(SolutionConfigurationPlatforms) = preSolution
		Debug|Any CPU = Debug|Any CPU
		Release|Any CPU = Release|Any CPU
	EndGlobalSection
	GlobalSection(ProjectConfigurationPlatforms) = postSolution
		{534AC5F8-2DF2-40BD-87A5-B3D8310118C4}.Debug|Any CPU.ActiveCfg = Debug|Any CPU
		{534AC5F8-2DF2-40BD-87A5-B3D8310118C4}.Debug|Any CPU.Build.0 = Debug|Any CPU
		{534AC5F8-2DF2-40BD-87A5-B3D8310118C4}.Release|Any CPU.ActiveCfg = Release|Any CPU
		{534AC5F8-2DF2-40BD-87A5-B3D8310118C4}.Release|Any CPU.Build.0 = Release|Any CPU
		{48A1D3BC-A14B-436A-8822-6DE2BEF8B747}.Debug|Any CPU.ActiveCfg = Debug|Any CPU
		{48A1D3BC-A14B-436A-8822-6DE2BEF8B747}.Debug|Any CPU.Build.0 = Debug|Any CPU
		{48A1D3BC-A14B-436A-8822-6DE2BEF8B747}.Release|Any CPU.ActiveCfg = Release|Any CPU
		{48A1D3BC-A14B-436A-8822-6DE2BEF8B747}.Release|Any CPU.Build.0 = Release|Any CPU
		{9E978075-E00D-4FA9-9765-18CB51C5F5EE}.Debug|Any CPU.ActiveCfg = Debug|Any CPU
		{9E978075-E00D-4FA9-9765-18CB51C5F5EE}.Debug|Any CPU.Build.0 = Debug|Any CPU
		{9E978075-E00D-4FA9-9765-18CB51C5F5EE}.Release|Any CPU.ActiveCfg = Release|Any CPU
		{9E978075-E00D-4FA9-9765-18CB51C5F5EE}.Release|Any CPU.Build.0 = Release|Any CPU
	EndGlobalSection
	GlobalSection(SolutionProperties) = preSolution
		HideSolutionNode = FALSE
	EndGlobalSection
	GlobalSection(ExtensibilityGlobals) = postSolution
		SolutionGuid = {D22B3129-3BFB-41FA-9FCE-E45EBEF8C2DD}
	EndGlobalSection
EndGlobal
