
Microsoft Visual Studio Solution File, Format Version 12.00
# Visual Studio Version 16
VisualStudioVersion = 16.0.29230.61
MinimumVisualStudioVersion = 10.0.40219.1
Project("{9A19103F-16F7-4668-BE54-9A1E7A4F7556}") = "Backend", "Backend\Backend.csproj", "{534AC5F8-2DF2-40BD-87A5-B3D8310118C4}"
EndProject
Project("{9A19103F-16F7-4668-BE54-9A1E7A4F7556}") = "Frontend", "Frontend\Frontend.csproj", "{78FA5197-1DC8-4057-B314-854F934EBBEE}"
EndProject
Project("{9A19103F-16F7-4668-BE54-9A1E7A4F7556}") = "Grpc.Net.Common", "..\..\src\Grpc.Net.Common\Grpc.Net.Common.csproj", "{6ADE9F28-A472-4034-9D7F-22DFBF217D99}"
EndProject
Project("{9A19103F-16F7-4668-BE54-9A1E7A4F7556}") = "Grpc.Net.Client", "..\..\src\Grpc.Net.Client\Grpc.Net.Client.csproj", "{11F203A7-3E15-48C1-978C-06821F201530}"
EndProject
Global
	GlobalSection(SolutionConfigurationPlatforms) = preSolution
		Debug|Any CPU = Debug|Any CPU
		Release|Any CPU = Release|Any CPU
	EndGlobalSection
	GlobalSection(ProjectConfigurationPlatforms) = postSolution
		{534AC5F8-2DF2-40BD-87A5-B3D8310118C4}.Debug|Any CPU.ActiveCfg = Debug|Any CPU
		{534AC5F8-2DF2-40BD-87A5-B3D8310118C4}.Debug|Any CPU.Build.0 = Debug|Any CPU
		{534AC5F8-2DF2-40BD-87A5-B3D8310118C4}.Release|Any CPU.ActiveCfg = Release|Any CPU
		{534AC5F8-2DF2-40BD-87A5-B3D8310118C4}.Release|Any CPU.Build.0 = Release|Any CPU
		{78FA5197-1DC8-4057-B314-854F934EBBEE}.Debug|Any CPU.ActiveCfg = Debug|Any CPU
		{78FA5197-1DC8-4057-B314-854F934EBBEE}.Debug|Any CPU.Build.0 = Debug|Any CPU
		{78FA5197-1DC8-4057-B314-854F934EBBEE}.Release|Any CPU.ActiveCfg = Release|Any CPU
		{78FA5197-1DC8-4057-B314-854F934EBBEE}.Release|Any CPU.Build.0 = Release|Any CPU
		{6ADE9F28-A472-4034-9D7F-22DFBF217D99}.Debug|Any CPU.ActiveCfg = Debug|Any CPU
		{6ADE9F28-A472-4034-9D7F-22DFBF217D99}.Debug|Any CPU.Build.0 = Debug|Any CPU
		{6ADE9F28-A472-4034-9D7F-22DFBF217D99}.Release|Any CPU.ActiveCfg = Release|Any CPU
		{6ADE9F28-A472-4034-9D7F-22DFBF217D99}.Release|Any CPU.Build.0 = Release|Any CPU
		{11F203A7-3E15-48C1-978C-06821F201530}.Debug|Any CPU.ActiveCfg = Debug|Any CPU
		{11F203A7-3E15-48C1-978C-06821F201530}.Debug|Any CPU.Build.0 = Debug|Any CPU
		{11F203A7-3E15-48C1-978C-06821F201530}.Release|Any CPU.ActiveCfg = Release|Any CPU
		{11F203A7-3E15-48C1-978C-06821F201530}.Release|Any CPU.Build.0 = Release|Any CPU
	EndGlobalSection
	GlobalSection(SolutionProperties) = preSolution
		HideSolutionNode = FALSE
	EndGlobalSection
	GlobalSection(ExtensibilityGlobals) = postSolution
		SolutionGuid = {D22B3129-3BFB-41FA-9FCE-E45EBEF8C2DD}
	EndGlobalSection
EndGlobal
