
Microsoft Visual Studio Solution File, Format Version 12.00
# Visual Studio Version 17
VisualStudioVersion = 17.0.31606.5
MinimumVisualStudioVersion = 10.0.40219.1
Project("{9A19103F-16F7-4668-BE54-9A1E7A4F7556}") = "Backend", "Backend\Backend.csproj", "{534AC5F8-2DF2-40BD-87A5-B3D8310118C4}"
EndProject
Project("{9A19103F-16F7-4668-BE54-9A1E7A4F7556}") = "Frontend", "Frontend\Frontend.csproj", "{78FA5197-1DC8-4057-B314-854F934EBBEE}"
EndProject
Global
	GlobalSection(SolutionConfigurationPlatforms) = preSolution
		Debug|Any CPU = Debug|Any CPU
		Release|Any CPU = Release|Any CPU
	EndGlobalSection
	GlobalSection(ProjectConfigurationPlatforms) = postSolution
		{534AC5F8-2DF2-40BD-87A5-B3D8310118C4}.Debug|Any CPU.ActiveCfg = Debug|Any CPU
		{534AC5F8-2DF2-40BD-87A5-B3D8310118C4}.Debug|Any CPU.Build.0 = Debug|Any CPU
		{534AC5F8-2DF2-40BD-87A5-B3D8310118C4}.Release|Any CPU.ActiveCfg = Release|Any CPU
		{534AC5F8-2DF2-40BD-87A5-B3D8310118C4}.Release|Any CPU.Build.0 = Release|Any CPU
		{78FA5197-1DC8-4057-B314-854F934EBBEE}.Debug|Any CPU.ActiveCfg = Debug|Any CPU
		{78FA5197-1DC8-4057-B314-854F934EBBEE}.Debug|Any CPU.Build.0 = Debug|Any CPU
		{78FA5197-1DC8-4057-B314-854F934EBBEE}.Release|Any CPU.ActiveCfg = Release|Any CPU
		{78FA5197-1DC8-4057-B314-854F934EBBEE}.Release|Any CPU.Build.0 = Release|Any CPU
	EndGlobalSection
	GlobalSection(SolutionProperties) = preSolution
		HideSolutionNode = FALSE
	EndGlobalSection
	GlobalSection(ExtensibilityGlobals) = postSolution
		SolutionGuid = {D22B3129-3BFB-41FA-9FCE-E45EBEF8C2DD}
	EndGlobalSection
EndGlobal
