
Microsoft Visual Studio Solution File, Format Version 12.00
# Visual Studio Version 17
VisualStudioVersion = 17.1.32328.378
MinimumVisualStudioVersion = 10.0.40219.1
Project("{9A19103F-16F7-4668-BE54-9A1E7A4F7556}") = "Server", "Server\Server.csproj", "{249DA884-CC8F-483C-B1B9-222AB767E722}"
EndProject
Project("{9A19103F-16F7-4668-BE54-9A1E7A4F7556}") = "Client", "Client\Client.csproj", "{7580D422-98F0-441D-B618-DC16A4E2C138}"
EndProject
Global
	GlobalSection(SolutionConfigurationPlatforms) = preSolution
		Debug|Any CPU = Debug|Any CPU
		Release|Any CPU = Release|Any CPU
	EndGlobalSection
	GlobalSection(ProjectConfigurationPlatforms) = postSolution
		{249DA884-CC8F-483C-B1B9-222AB767E722}.Debug|Any CPU.ActiveCfg = Debug|Any CPU
		{249DA884-CC8F-483C-B1B9-222AB767E722}.Debug|Any CPU.Build.0 = Debug|Any CPU
		{249DA884-CC8F-483C-B1B9-222AB767E722}.Release|Any CPU.ActiveCfg = Release|Any CPU
		{249DA884-CC8F-483C-B1B9-222AB767E722}.Release|Any CPU.Build.0 = Release|Any CPU
		{7580D422-98F0-441D-B618-DC16A4E2C138}.Debug|Any CPU.ActiveCfg = Debug|Any CPU
		{7580D422-98F0-441D-B618-DC16A4E2C138}.Debug|Any CPU.Build.0 = Debug|Any CPU
		{7580D422-98F0-441D-B618-DC16A4E2C138}.Release|Any CPU.ActiveCfg = Release|Any CPU
		{7580D422-98F0-441D-B618-DC16A4E2C138}.Release|Any CPU.Build.0 = Release|Any CPU
	EndGlobalSection
	GlobalSection(SolutionProperties) = preSolution
		HideSolutionNode = FALSE
	EndGlobalSection
	GlobalSection(ExtensibilityGlobals) = postSolution
		SolutionGuid = {D19E5F88-1F30-4E05-9551-FEFDB3B154EC}
	EndGlobalSection
EndGlobal
